
Microsoft Visual Studio Solution File, Format Version 12.00
Project("{FAE04EC0-301F-11D3-BF4B-00C04F79EFBC}") = "Booking.API", "Booking.API\Booking.API.csproj", "{32A3A64D-7812-499A-8514-66093B6A642E}"
EndProject
Project("{2150E333-8FDC-42A3-9474-1A3956D46DE8}") = "Solution Items", "Solution Items", "{46407005-0ACB-45CF-8950-ACAC299AA5D8}"
	ProjectSection(SolutionItems) = preProject
		compose.yaml = compose.yaml
	EndProjectSection
EndProject
Project("{FAE04EC0-301F-11D3-BF4B-00C04F79EFBC}") = "Booking.API.Tests", "Booking.API.Tests\Booking.API.Tests.csproj", "{FF352C40-CB91-4BBA-8EA8-B1EC9ED79E98}"
EndProject
Global
	GlobalSection(SolutionConfigurationPlatforms) = preSolution
		Debug|Any CPU = Debug|Any CPU
		Release|Any CPU = Release|Any CPU
	EndGlobalSection
	GlobalSection(ProjectConfigurationPlatforms) = postSolution
		{32A3A64D-7812-499A-8514-66093B6A642E}.Debug|Any CPU.ActiveCfg = Debug|Any CPU
		{32A3A64D-7812-499A-8514-66093B6A642E}.Debug|Any CPU.Build.0 = Debug|Any CPU
		{32A3A64D-7812-499A-8514-66093B6A642E}.Release|Any CPU.ActiveCfg = Release|Any CPU
		{32A3A64D-7812-499A-8514-66093B6A642E}.Release|Any CPU.Build.0 = Release|Any CPU
		{FF352C40-CB91-4BBA-8EA8-B1EC9ED79E98}.Debug|Any CPU.ActiveCfg = Debug|Any CPU
		{FF352C40-CB91-4BBA-8EA8-B1EC9ED79E98}.Debug|Any CPU.Build.0 = Debug|Any CPU
		{FF352C40-CB91-4BBA-8EA8-B1EC9ED79E98}.Release|Any CPU.ActiveCfg = Release|Any CPU
		{FF352C40-CB91-4BBA-8EA8-B1EC9ED79E98}.Release|Any CPU.Build.0 = Release|Any CPU
	EndGlobalSection
EndGlobal
